github.com/MihailShev/algo-tester v0.0.2 h1:kpmwLFsI9eDUdmIvbjFEzBk+zKjDItrP+BCayHra5MI=
github.com/MihailShev/algo-tester v0.0.2/go.mod h1:OEO1DZ/8Ys8jjLpSSllPUuaaz0EyzeM7/TCA+blOOA4=
github.com/MihailShev/algo-tester v0.0.3 h1:z1pcniXQgZ5UHOtDL8gCC4e6OlxwlPdtQ/rtrGPT5Sk=
github.com/MihailShev/algo-tester v0.0.3/go.mod h1:OEO1DZ/8Ys8jjLpSSllPUuaaz0EyzeM7/TCA+blOOA4=
